
Microsoft Visual Studio Solution File, Format Version 12.00
# Visual Studio Version 17
VisualStudioVersion = 17.5.2.0
MinimumVisualStudioVersion = 10.0.40219.1
Project("{2150E333-8FDC-42A3-9474-1A3956D46DE8}") = "src", "src", "{827E0CD3-B72D-47B6-A68D-7590B98EB39B}"
EndProject
Project("{2150E333-8FDC-42A3-9474-1A3956D46DE8}") = "restyle-app", "restyle-app", "{1B5FF525-ED00-C6BD-9F4C-5AA34DFB8085}"
EndProject
Project("{FAE04EC0-301F-11D3-BF4B-00C04F79EFBC}") = "BankOfGraeme.Api", "src\BankOfGraeme.Api\BankOfGraeme.Api.csproj", "{0B3D3A3B-5C97-4CB0-4FEB-0B0EF2951608}"
EndProject
Project("{FAE04EC0-301F-11D3-BF4B-00C04F79EFBC}") = "BankOfGraeme.Domain", "src\BankOfGraeme.Domain\BankOfGraeme.Domain.csproj", "{BEC4426D-4479-3EF7-D3D3-51C878E18627}"
EndProject
Project("{FAE04EC0-301F-11D3-BF4B-00C04F79EFBC}") = "BankOfGraeme.Functions", "src\BankOfGraeme.Functions\BankOfGraeme.Functions.csproj", "{4F0A398B-BDEF-3AA0-A151-578E49A1C19F}"
EndProject
Project("{2150E333-8FDC-42A3-9474-1A3956D46DE8}") = "src", "src", "{8C8C39CF-7B7A-873D-85E4-9395F7F04430}"
EndProject
Project("{FAE04EC0-301F-11D3-BF4B-00C04F79EFBC}") = "BankOfGraeme.Api", "restyle-app\src\BankOfGraeme.Api\BankOfGraeme.Api.csproj", "{430DC618-17B8-3CE9-294B-D8168CDCAB04}"
EndProject
Project("{2150E333-8FDC-42A3-9474-1A3956D46DE8}") = "BankOfGraeme.Functions (1)", "BankOfGraeme.Functions (1)", "{2C979C0E-6992-20D7-D04E-7CA97A75A67C}"
EndProject
Project("{2150E333-8FDC-42A3-9474-1A3956D46DE8}") = "obj", "obj", "{5E0BCF74-C013-518C-36C8-476997DA0326}"
EndProject
Project("{2150E333-8FDC-42A3-9474-1A3956D46DE8}") = "Release", "Release", "{BD28515F-0925-244B-6069-2959001487D9}"
EndProject
Project("{2150E333-8FDC-42A3-9474-1A3956D46DE8}") = "net10.0", "net10.0", "{BC482649-8D82-C4C9-07A1-1812061FE42E}"
EndProject
Project("{FAE04EC0-301F-11D3-BF4B-00C04F79EFBC}") = "WorkerExtensions", "src\BankOfGraeme.Functions\obj\Release\net10.0\WorkerExtensions\WorkerExtensions.csproj", "{D8EFEFE2-712D-3FD6-ED65-9184A0EA71A4}"
EndProject
Project("{2150E333-8FDC-42A3-9474-1A3956D46DE8}") = "Debug", "Debug", "{63E2DCD5-D72B-B2BF-D198-674D23E0E5F0}"
EndProject
Project("{2150E333-8FDC-42A3-9474-1A3956D46DE8}") = "net10.0", "net10.0", "{44C9DC00-F4D3-2DF5-47D3-6EA3A42D26C7}"
EndProject
Project("{FAE04EC0-301F-11D3-BF4B-00C04F79EFBC}") = "WorkerExtensions", "src\BankOfGraeme.Functions\obj\Debug\net10.0\WorkerExtensions\WorkerExtensions.csproj", "{1DC589CD-65F3-409C-025D-424EC3BD5951}"
EndProject
Project("{FAE04EC0-301F-11D3-BF4B-00C04F79EFBC}") = "BankOfGraeme.Tests", "src\BankOfGraeme.Tests\BankOfGraeme.Tests.csproj", "{18878025-D822-4A73-A6E5-93AAFE54D127}"
EndProject
Global
	GlobalSection(SolutionConfigurationPlatforms) = preSolution
		Debug|Any CPU = Debug|Any CPU
		Debug|x64 = Debug|x64
		Debug|x86 = Debug|x86
		Release|Any CPU = Release|Any CPU
		Release|x64 = Release|x64
		Release|x86 = Release|x86
	EndGlobalSection
	GlobalSection(ProjectConfigurationPlatforms) = postSolution
		{0B3D3A3B-5C97-4CB0-4FEB-0B0EF2951608}.Debug|Any CPU.ActiveCfg = Debug|Any CPU
		{0B3D3A3B-5C97-4CB0-4FEB-0B0EF2951608}.Debug|Any CPU.Build.0 = Debug|Any CPU
		{0B3D3A3B-5C97-4CB0-4FEB-0B0EF2951608}.Debug|x64.ActiveCfg = Debug|Any CPU
		{0B3D3A3B-5C97-4CB0-4FEB-0B0EF2951608}.Debug|x64.Build.0 = Debug|Any CPU
		{0B3D3A3B-5C97-4CB0-4FEB-0B0EF2951608}.Debug|x86.ActiveCfg = Debug|Any CPU
		{0B3D3A3B-5C97-4CB0-4FEB-0B0EF2951608}.Debug|x86.Build.0 = Debug|Any CPU
		{0B3D3A3B-5C97-4CB0-4FEB-0B0EF2951608}.Release|Any CPU.ActiveCfg = Release|Any CPU
		{0B3D3A3B-5C97-4CB0-4FEB-0B0EF2951608}.Release|Any CPU.Build.0 = Release|Any CPU
		{0B3D3A3B-5C97-4CB0-4FEB-0B0EF2951608}.Release|x64.ActiveCfg = Release|Any CPU
		{0B3D3A3B-5C97-4CB0-4FEB-0B0EF2951608}.Release|x64.Build.0 = Release|Any CPU
		{0B3D3A3B-5C97-4CB0-4FEB-0B0EF2951608}.Release|x86.ActiveCfg = Release|Any CPU
		{0B3D3A3B-5C97-4CB0-4FEB-0B0EF2951608}.Release|x86.Build.0 = Release|Any CPU
		{BEC4426D-4479-3EF7-D3D3-51C878E18627}.Debug|Any CPU.ActiveCfg = Debug|Any CPU
		{BEC4426D-4479-3EF7-D3D3-51C878E18627}.Debug|Any CPU.Build.0 = Debug|Any CPU
		{BEC4426D-4479-3EF7-D3D3-51C878E18627}.Debug|x64.ActiveCfg = Debug|Any CPU
		{BEC4426D-4479-3EF7-D3D3-51C878E18627}.Debug|x64.Build.0 = Debug|Any CPU
		{BEC4426D-4479-3EF7-D3D3-51C878E18627}.Debug|x86.ActiveCfg = Debug|Any CPU
		{BEC4426D-4479-3EF7-D3D3-51C878E18627}.Debug|x86.Build.0 = Debug|Any CPU
		{BEC4426D-4479-3EF7-D3D3-51C878E18627}.Release|Any CPU.ActiveCfg = Release|Any CPU
		{BEC4426D-4479-3EF7-D3D3-51C878E18627}.Release|Any CPU.Build.0 = Release|Any CPU
		{BEC4426D-4479-3EF7-D3D3-51C878E18627}.Release|x64.ActiveCfg = Release|Any CPU
		{BEC4426D-4479-3EF7-D3D3-51C878E18627}.Release|x64.Build.0 = Release|Any CPU
		{BEC4426D-4479-3EF7-D3D3-51C878E18627}.Release|x86.ActiveCfg = Release|Any CPU
		{BEC4426D-4479-3EF7-D3D3-51C878E18627}.Release|x86.Build.0 = Release|Any CPU
		{4F0A398B-BDEF-3AA0-A151-578E49A1C19F}.Debug|Any CPU.ActiveCfg = Debug|Any CPU
		{4F0A398B-BDEF-3AA0-A151-578E49A1C19F}.Debug|Any CPU.Build.0 = Debug|Any CPU
		{4F0A398B-BDEF-3AA0-A151-578E49A1C19F}.Debug|x64.ActiveCfg = Debug|Any CPU
		{4F0A398B-BDEF-3AA0-A151-578E49A1C19F}.Debug|x64.Build.0 = Debug|Any CPU
		{4F0A398B-BDEF-3AA0-A151-578E49A1C19F}.Debug|x86.ActiveCfg = Debug|Any CPU
		{4F0A398B-BDEF-3AA0-A151-578E49A1C19F}.Debug|x86.Build.0 = Debug|Any CPU
		{4F0A398B-BDEF-3AA0-A151-578E49A1C19F}.Release|Any CPU.ActiveCfg = Release|Any CPU
		{4F0A398B-BDEF-3AA0-A151-578E49A1C19F}.Release|Any CPU.Build.0 = Release|Any CPU
		{4F0A398B-BDEF-3AA0-A151-578E49A1C19F}.Release|x64.ActiveCfg = Release|Any CPU
		{4F0A398B-BDEF-3AA0-A151-578E49A1C19F}.Release|x64.Build.0 = Release|Any CPU
		{4F0A398B-BDEF-3AA0-A151-578E49A1C19F}.Release|x86.ActiveCfg = Release|Any CPU
		{4F0A398B-BDEF-3AA0-A151-578E49A1C19F}.Release|x86.Build.0 = Release|Any CPU
		{430DC618-17B8-3CE9-294B-D8168CDCAB04}.Debug|Any CPU.ActiveCfg = Debug|Any CPU
		{430DC618-17B8-3CE9-294B-D8168CDCAB04}.Debug|Any CPU.Build.0 = Debug|Any CPU
		{430DC618-17B8-3CE9-294B-D8168CDCAB04}.Debug|x64.ActiveCfg = Debug|Any CPU
		{430DC618-17B8-3CE9-294B-D8168CDCAB04}.Debug|x64.Build.0 = Debug|Any CPU
		{430DC618-17B8-3CE9-294B-D8168CDCAB04}.Debug|x86.ActiveCfg = Debug|Any CPU
		{430DC618-17B8-3CE9-294B-D8168CDCAB04}.Debug|x86.Build.0 = Debug|Any CPU
		{430DC618-17B8-3CE9-294B-D8168CDCAB04}.Release|Any CPU.ActiveCfg = Release|Any CPU
		{430DC618-17B8-3CE9-294B-D8168CDCAB04}.Release|Any CPU.Build.0 = Release|Any CPU
		{430DC618-17B8-3CE9-294B-D8168CDCAB04}.Release|x64.ActiveCfg = Release|Any CPU
		{430DC618-17B8-3CE9-294B-D8168CDCAB04}.Release|x64.Build.0 = Release|Any CPU
		{430DC618-17B8-3CE9-294B-D8168CDCAB04}.Release|x86.ActiveCfg = Release|Any CPU
		{430DC618-17B8-3CE9-294B-D8168CDCAB04}.Release|x86.Build.0 = Release|Any CPU
		{D8EFEFE2-712D-3FD6-ED65-9184A0EA71A4}.Debug|Any CPU.ActiveCfg = Debug|Any CPU
		{D8EFEFE2-712D-3FD6-ED65-9184A0EA71A4}.Debug|Any CPU.Build.0 = Debug|Any CPU
		{D8EFEFE2-712D-3FD6-ED65-9184A0EA71A4}.Debug|x64.ActiveCfg = Debug|Any CPU
		{D8EFEFE2-712D-3FD6-ED65-9184A0EA71A4}.Debug|x64.Build.0 = Debug|Any CPU
		{D8EFEFE2-712D-3FD6-ED65-9184A0EA71A4}.Debug|x86.ActiveCfg = Debug|Any CPU
		{D8EFEFE2-712D-3FD6-ED65-9184A0EA71A4}.Debug|x86.Build.0 = Debug|Any CPU
		{D8EFEFE2-712D-3FD6-ED65-9184A0EA71A4}.Release|Any CPU.ActiveCfg = Release|Any CPU
		{D8EFEFE2-712D-3FD6-ED65-9184A0EA71A4}.Release|Any CPU.Build.0 = Release|Any CPU
		{D8EFEFE2-712D-3FD6-ED65-9184A0EA71A4}.Release|x64.ActiveCfg = Release|Any CPU
		{D8EFEFE2-712D-3FD6-ED65-9184A0EA71A4}.Release|x64.Build.0 = Release|Any CPU
		{D8EFEFE2-712D-3FD6-ED65-9184A0EA71A4}.Release|x86.ActiveCfg = Release|Any CPU
		{D8EFEFE2-712D-3FD6-ED65-9184A0EA71A4}.Release|x86.Build.0 = Release|Any CPU
		{1DC589CD-65F3-409C-025D-424EC3BD5951}.Debug|Any CPU.ActiveCfg = Debug|Any CPU
		{1DC589CD-65F3-409C-025D-424EC3BD5951}.Debug|Any CPU.Build.0 = Debug|Any CPU
		{1DC589CD-65F3-409C-025D-424EC3BD5951}.Debug|x64.ActiveCfg = Debug|Any CPU
		{1DC589CD-65F3-409C-025D-424EC3BD5951}.Debug|x64.Build.0 = Debug|Any CPU
		{1DC589CD-65F3-409C-025D-424EC3BD5951}.Debug|x86.ActiveCfg = Debug|Any CPU
		{1DC589CD-65F3-409C-025D-424EC3BD5951}.Debug|x86.Build.0 = Debug|Any CPU
		{1DC589CD-65F3-409C-025D-424EC3BD5951}.Release|Any CPU.ActiveCfg = Release|Any CPU
		{1DC589CD-65F3-409C-025D-424EC3BD5951}.Release|Any CPU.Build.0 = Release|Any CPU
		{1DC589CD-65F3-409C-025D-424EC3BD5951}.Release|x64.ActiveCfg = Release|Any CPU
		{1DC589CD-65F3-409C-025D-424EC3BD5951}.Release|x64.Build.0 = Release|Any CPU
		{1DC589CD-65F3-409C-025D-424EC3BD5951}.Release|x86.ActiveCfg = Release|Any CPU
		{1DC589CD-65F3-409C-025D-424EC3BD5951}.Release|x86.Build.0 = Release|Any CPU
		{18878025-D822-4A73-A6E5-93AAFE54D127}.Debug|Any CPU.ActiveCfg = Debug|Any CPU
		{18878025-D822-4A73-A6E5-93AAFE54D127}.Debug|Any CPU.Build.0 = Debug|Any CPU
		{18878025-D822-4A73-A6E5-93AAFE54D127}.Debug|x64.ActiveCfg = Debug|Any CPU
		{18878025-D822-4A73-A6E5-93AAFE54D127}.Debug|x64.Build.0 = Debug|Any CPU
		{18878025-D822-4A73-A6E5-93AAFE54D127}.Debug|x86.ActiveCfg = Debug|Any CPU
		{18878025-D822-4A73-A6E5-93AAFE54D127}.Debug|x86.Build.0 = Debug|Any CPU
		{18878025-D822-4A73-A6E5-93AAFE54D127}.Release|Any CPU.ActiveCfg = Release|Any CPU
		{18878025-D822-4A73-A6E5-93AAFE54D127}.Release|Any CPU.Build.0 = Release|Any CPU
		{18878025-D822-4A73-A6E5-93AAFE54D127}.Release|x64.ActiveCfg = Release|Any CPU
		{18878025-D822-4A73-A6E5-93AAFE54D127}.Release|x64.Build.0 = Release|Any CPU
		{18878025-D822-4A73-A6E5-93AAFE54D127}.Release|x86.ActiveCfg = Release|Any CPU
		{18878025-D822-4A73-A6E5-93AAFE54D127}.Release|x86.Build.0 = Release|Any CPU
	EndGlobalSection
	GlobalSection(SolutionProperties) = preSolution
		HideSolutionNode = FALSE
	EndGlobalSection
	GlobalSection(NestedProjects) = preSolution
		{0B3D3A3B-5C97-4CB0-4FEB-0B0EF2951608} = {827E0CD3-B72D-47B6-A68D-7590B98EB39B}
		{BEC4426D-4479-3EF7-D3D3-51C878E18627} = {827E0CD3-B72D-47B6-A68D-7590B98EB39B}
		{4F0A398B-BDEF-3AA0-A151-578E49A1C19F} = {827E0CD3-B72D-47B6-A68D-7590B98EB39B}
		{8C8C39CF-7B7A-873D-85E4-9395F7F04430} = {1B5FF525-ED00-C6BD-9F4C-5AA34DFB8085}
		{430DC618-17B8-3CE9-294B-D8168CDCAB04} = {8C8C39CF-7B7A-873D-85E4-9395F7F04430}
		{2C979C0E-6992-20D7-D04E-7CA97A75A67C} = {827E0CD3-B72D-47B6-A68D-7590B98EB39B}
		{5E0BCF74-C013-518C-36C8-476997DA0326} = {2C979C0E-6992-20D7-D04E-7CA97A75A67C}
		{BD28515F-0925-244B-6069-2959001487D9} = {5E0BCF74-C013-518C-36C8-476997DA0326}
		{BC482649-8D82-C4C9-07A1-1812061FE42E} = {BD28515F-0925-244B-6069-2959001487D9}
		{D8EFEFE2-712D-3FD6-ED65-9184A0EA71A4} = {BC482649-8D82-C4C9-07A1-1812061FE42E}
		{63E2DCD5-D72B-B2BF-D198-674D23E0E5F0} = {5E0BCF74-C013-518C-36C8-476997DA0326}
		{44C9DC00-F4D3-2DF5-47D3-6EA3A42D26C7} = {63E2DCD5-D72B-B2BF-D198-674D23E0E5F0}
		{1DC589CD-65F3-409C-025D-424EC3BD5951} = {44C9DC00-F4D3-2DF5-47D3-6EA3A42D26C7}
		{18878025-D822-4A73-A6E5-93AAFE54D127} = {827E0CD3-B72D-47B6-A68D-7590B98EB39B}
	EndGlobalSection
	GlobalSection(ExtensibilityGlobals) = postSolution
		SolutionGuid = {7F24343A-1F22-4AFE-96D7-8DEC32289AE2}
	EndGlobalSection
EndGlobal
